
Microsoft Visual Studio Solution File, Format Version 12.00
# Visual Studio Version 16
VisualStudioVersion = 16.0.29209.152
MinimumVisualStudioVersion = 10.0.40219.1
Project("{FAE04EC0-301F-11D3-BF4B-00C04F79EFBC}") = "BlazorApp", "BlazorApp\BlazorApp.csproj", "{A61AE417-CF40-400A-857E-B8C30C99BA49}"
EndProject
Global
	GlobalSection(SolutionConfigurationPlatforms) = preSolution
		Debug|Any CPU = Debug|Any CPU
		Release|Any CPU = Release|Any CPU
	EndGlobalSection
	GlobalSection(ProjectConfigurationPlatforms) = postSolution
		{A61AE417-CF40-400A-857E-B8C30C99BA49}.Debug|Any CPU.ActiveCfg = Debug|Any CPU
		{A61AE417-CF40-400A-857E-B8C30C99BA49}.Debug|Any CPU.Build.0 = Debug|Any CPU
		{A61AE417-CF40-400A-857E-B8C30C99BA49}.Release|Any CPU.ActiveCfg = Release|Any CPU
		{A61AE417-CF40-400A-857E-B8C30C99BA49}.Release|Any CPU.Build.0 = Release|Any CPU
	EndGlobalSection
	GlobalSection(SolutionProperties) = preSolution
		HideSolutionNode = FALSE
	EndGlobalSection
	GlobalSection(ExtensibilityGlobals) = postSolution
		SolutionGuid = {0A0EE11F-EAA3-42F8-A78B-AB2D89289A70}
	EndGlobalSection
EndGlobal
